
Microsoft Visual Studio Solution File, Format Version 12.00
# Visual Studio Version 17
VisualStudioVersion = 17.0.31903.59
MinimumVisualStudioVersion = 10.0.40219.1
Project("{2150E333-8FDC-42A3-9474-1A3956D46DE8}") = "Services", "Services", "{94F187C4-BB83-4989-98A7-7AC79C9B108E}"
EndProject
Project("{2150E333-8FDC-42A3-9474-1A3956D46DE8}") = "LightingService", "LightingService", "{3993339C-1D48-4152-84E5-224AD9444AAD}"
EndProject
Project("{9A19103F-16F7-4668-BE54-9A1E7A4F7556}") = "HomeNet.Services.LightingService.Api", "LightingService\Api\HomeNet.Services.LightingService.Api.csproj", "{F6130A10-3ABA-4B77-916D-88ADB9BD33B3}"
EndProject
Project("{9A19103F-16F7-4668-BE54-9A1E7A4F7556}") = "HomeNet.Services.LightingService.Services", "LightingService\Services\HomeNet.Services.LightingService.Services.csproj", "{A86E8EC6-5374-4752-892D-59E5112BB3D3}"
EndProject
Project("{9A19103F-16F7-4668-BE54-9A1E7A4F7556}") = "HomeNet.Services.LightingService.Data", "LightingService\Data\HomeNet.Services.LightingService.Data.csproj", "{4BB9F606-BE63-4FC2-88B1-A6FF3F2DBB1A}"
EndProject
Project("{9A19103F-16F7-4668-BE54-9A1E7A4F7556}") = "HomeNet.Services.LightingService.Tests", "LightingService\Tests\HomeNet.Services.LightingService.Tests.csproj", "{B732A9E4-7F5D-4F73-A5CB-5FE279A60C54}"
EndProject
Project("{2150E333-8FDC-42A3-9474-1A3956D46DE8}") = "KeyVaultService", "KeyVaultService", "{139A81EB-D20F-4235-BC80-F1893BB5B9CF}"
EndProject
Project("{9A19103F-16F7-4668-BE54-9A1E7A4F7556}") = "HomeNet.Services.KeyVaultService.Api", "KeyVaultService\Api\HomeNet.Services.KeyVaultService.Api.csproj", "{DDD307BC-B322-4D63-ACE4-E690C6C9FF73}"
EndProject
Project("{9A19103F-16F7-4668-BE54-9A1E7A4F7556}") = "HomeNet.Services.KeyVaultService.Data", "KeyVaultService\Data\HomeNet.Services.KeyVaultService.Data.csproj", "{D8BDCF04-5E5F-42DE-9F8B-5383B3C0B150}"
EndProject
Project("{9A19103F-16F7-4668-BE54-9A1E7A4F7556}") = "HomeNet.Services.KeyVaultService.Services", "KeyVaultService\Services\HomeNet.Services.KeyVaultService.Services.csproj", "{8A4CE80D-4D81-4C51-A9D9-80CFB99ABC93}"
EndProject
Project("{9A19103F-16F7-4668-BE54-9A1E7A4F7556}") = "HomeNet.Services.KeyVaultService.Tests", "KeyVaultService\Tests\HomeNet.Services.KeyVaultService.Tests.csproj", "{2B8D5442-6A7A-444B-A4AC-D2760B5F5252}"
EndProject
Global
	GlobalSection(SolutionConfigurationPlatforms) = preSolution
		Debug|Any CPU = Debug|Any CPU
		Release|Any CPU = Release|Any CPU
	EndGlobalSection
	GlobalSection(ProjectConfigurationPlatforms) = postSolution
		{F6130A10-3ABA-4B77-916D-88ADB9BD33B3}.Debug|Any CPU.ActiveCfg = Debug|Any CPU
		{F6130A10-3ABA-4B77-916D-88ADB9BD33B3}.Debug|Any CPU.Build.0 = Debug|Any CPU
		{F6130A10-3ABA-4B77-916D-88ADB9BD33B3}.Release|Any CPU.ActiveCfg = Release|Any CPU
		{F6130A10-3ABA-4B77-916D-88ADB9BD33B3}.Release|Any CPU.Build.0 = Release|Any CPU
		{A86E8EC6-5374-4752-892D-59E5112BB3D3}.Debug|Any CPU.ActiveCfg = Debug|Any CPU
		{A86E8EC6-5374-4752-892D-59E5112BB3D3}.Debug|Any CPU.Build.0 = Debug|Any CPU
		{A86E8EC6-5374-4752-892D-59E5112BB3D3}.Release|Any CPU.ActiveCfg = Release|Any CPU
		{A86E8EC6-5374-4752-892D-59E5112BB3D3}.Release|Any CPU.Build.0 = Release|Any CPU
		{4BB9F606-BE63-4FC2-88B1-A6FF3F2DBB1A}.Debug|Any CPU.ActiveCfg = Debug|Any CPU
		{4BB9F606-BE63-4FC2-88B1-A6FF3F2DBB1A}.Debug|Any CPU.Build.0 = Debug|Any CPU
		{4BB9F606-BE63-4FC2-88B1-A6FF3F2DBB1A}.Release|Any CPU.ActiveCfg = Release|Any CPU
		{4BB9F606-BE63-4FC2-88B1-A6FF3F2DBB1A}.Release|Any CPU.Build.0 = Release|Any CPU
		{B732A9E4-7F5D-4F73-A5CB-5FE279A60C54}.Debug|Any CPU.ActiveCfg = Debug|Any CPU
		{B732A9E4-7F5D-4F73-A5CB-5FE279A60C54}.Debug|Any CPU.Build.0 = Debug|Any CPU
		{B732A9E4-7F5D-4F73-A5CB-5FE279A60C54}.Release|Any CPU.ActiveCfg = Release|Any CPU
		{B732A9E4-7F5D-4F73-A5CB-5FE279A60C54}.Release|Any CPU.Build.0 = Release|Any CPU
		{DDD307BC-B322-4D63-ACE4-E690C6C9FF73}.Debug|Any CPU.ActiveCfg = Debug|Any CPU
		{DDD307BC-B322-4D63-ACE4-E690C6C9FF73}.Debug|Any CPU.Build.0 = Debug|Any CPU
		{DDD307BC-B322-4D63-ACE4-E690C6C9FF73}.Release|Any CPU.ActiveCfg = Release|Any CPU
		{DDD307BC-B322-4D63-ACE4-E690C6C9FF73}.Release|Any CPU.Build.0 = Release|Any CPU
		{D8BDCF04-5E5F-42DE-9F8B-5383B3C0B150}.Debug|Any CPU.ActiveCfg = Debug|Any CPU
		{D8BDCF04-5E5F-42DE-9F8B-5383B3C0B150}.Debug|Any CPU.Build.0 = Debug|Any CPU
		{D8BDCF04-5E5F-42DE-9F8B-5383B3C0B150}.Release|Any CPU.ActiveCfg = Release|Any CPU
		{D8BDCF04-5E5F-42DE-9F8B-5383B3C0B150}.Release|Any CPU.Build.0 = Release|Any CPU
		{8A4CE80D-4D81-4C51-A9D9-80CFB99ABC93}.Debug|Any CPU.ActiveCfg = Debug|Any CPU
		{8A4CE80D-4D81-4C51-A9D9-80CFB99ABC93}.Debug|Any CPU.Build.0 = Debug|Any CPU
		{8A4CE80D-4D81-4C51-A9D9-80CFB99ABC93}.Release|Any CPU.ActiveCfg = Release|Any CPU
		{8A4CE80D-4D81-4C51-A9D9-80CFB99ABC93}.Release|Any CPU.Build.0 = Release|Any CPU
		{2B8D5442-6A7A-444B-A4AC-D2760B5F5252}.Debug|Any CPU.ActiveCfg = Debug|Any CPU
		{2B8D5442-6A7A-444B-A4AC-D2760B5F5252}.Debug|Any CPU.Build.0 = Debug|Any CPU
		{2B8D5442-6A7A-444B-A4AC-D2760B5F5252}.Release|Any CPU.ActiveCfg = Release|Any CPU
		{2B8D5442-6A7A-444B-A4AC-D2760B5F5252}.Release|Any CPU.Build.0 = Release|Any CPU
	EndGlobalSection
	GlobalSection(SolutionProperties) = preSolution
		HideSolutionNode = FALSE
	EndGlobalSection
	GlobalSection(NestedProjects) = preSolution
		{3993339C-1D48-4152-84E5-224AD9444AAD} = {94F187C4-BB83-4989-98A7-7AC79C9B108E}
		{F6130A10-3ABA-4B77-916D-88ADB9BD33B3} = {3993339C-1D48-4152-84E5-224AD9444AAD}
		{A86E8EC6-5374-4752-892D-59E5112BB3D3} = {3993339C-1D48-4152-84E5-224AD9444AAD}
		{4BB9F606-BE63-4FC2-88B1-A6FF3F2DBB1A} = {3993339C-1D48-4152-84E5-224AD9444AAD}
		{B732A9E4-7F5D-4F73-A5CB-5FE279A60C54} = {3993339C-1D48-4152-84E5-224AD9444AAD}
		{139A81EB-D20F-4235-BC80-F1893BB5B9CF} = {94F187C4-BB83-4989-98A7-7AC79C9B108E}
		{DDD307BC-B322-4D63-ACE4-E690C6C9FF73} = {139A81EB-D20F-4235-BC80-F1893BB5B9CF}
		{D8BDCF04-5E5F-42DE-9F8B-5383B3C0B150} = {139A81EB-D20F-4235-BC80-F1893BB5B9CF}
		{8A4CE80D-4D81-4C51-A9D9-80CFB99ABC93} = {139A81EB-D20F-4235-BC80-F1893BB5B9CF}
		{2B8D5442-6A7A-444B-A4AC-D2760B5F5252} = {139A81EB-D20F-4235-BC80-F1893BB5B9CF}
	EndGlobalSection
	GlobalSection(ExtensibilityGlobals) = postSolution
		SolutionGuid = {03B56806-6920-4532-AC32-3F8B571076FB}
	EndGlobalSection
EndGlobal
