
Microsoft Visual Studio Solution File, Format Version 12.00
# Visual Studio Version 17
VisualStudioVersion = 17.0.31903.59
MinimumVisualStudioVersion = 10.0.40219.1
Project("{2150E333-8FDC-42A3-9474-1A3956D46DE8}") = "Services", "Services", "{94F187C4-BB83-4989-98A7-7AC79C9B108E}"
EndProject
Project("{2150E333-8FDC-42A3-9474-1A3956D46DE8}") = "LightingService", "LightingService", "{3993339C-1D48-4152-84E5-224AD9444AAD}"
EndProject
Project("{9A19103F-16F7-4668-BE54-9A1E7A4F7556}") = "HomeNet.Services.LightingService.Api", "LightingService\Api\HomeNet.Services.LightingService.Api.csproj", "{F6130A10-3ABA-4B77-916D-88ADB9BD33B3}"
EndProject
Project("{9A19103F-16F7-4668-BE54-9A1E7A4F7556}") = "HomeNet.Services.LightingService.Services", "LightingService\Services\HomeNet.Services.LightingService.Services.csproj", "{A86E8EC6-5374-4752-892D-59E5112BB3D3}"
EndProject
Project("{9A19103F-16F7-4668-BE54-9A1E7A4F7556}") = "HomeNet.Services.LightingService.Data", "LightingService\Data\HomeNet.Services.LightingService.Data.csproj", "{4BB9F606-BE63-4FC2-88B1-A6FF3F2DBB1A}"
EndProject
Project("{9A19103F-16F7-4668-BE54-9A1E7A4F7556}") = "HomeNet.Services.LightingService.Tests", "LightingService\Tests\HomeNet.Services.LightingService.Tests.csproj", "{B732A9E4-7F5D-4F73-A5CB-5FE279A60C54}"
EndProject
Project("{2150E333-8FDC-42A3-9474-1A3956D46DE8}") = "KeyVaultService", "KeyVaultService", "{139A81EB-D20F-4235-BC80-F1893BB5B9CF}"
EndProject
Project("{9A19103F-16F7-4668-BE54-9A1E7A4F7556}") = "HomeNet.Services.KeyVaultService.Api", "KeyVaultService\Api\HomeNet.Services.KeyVaultService.Api.csproj", "{DDD307BC-B322-4D63-ACE4-E690C6C9FF73}"
EndProject
Project("{9A19103F-16F7-4668-BE54-9A1E7A4F7556}") = "HomeNet.Services.KeyVaultService.Data", "KeyVaultService\Data\HomeNet.Services.KeyVaultService.Data.csproj", "{D8BDCF04-5E5F-42DE-9F8B-5383B3C0B150}"
EndProject
Project("{9A19103F-16F7-4668-BE54-9A1E7A4F7556}") = "HomeNet.Services.KeyVaultService.Services", "KeyVaultService\Services\HomeNet.Services.KeyVaultService.Services.csproj", "{8A4CE80D-4D81-4C51-A9D9-80CFB99ABC93}"
EndProject
Project("{9A19103F-16F7-4668-BE54-9A1E7A4F7556}") = "HomeNet.Services.KeyVaultService.Tests", "KeyVaultService\Tests\HomeNet.Services.KeyVaultService.Tests.csproj", "{2B8D5442-6A7A-444B-A4AC-D2760B5F5252}"
EndProject
Project("{2150E333-8FDC-42A3-9474-1A3956D46DE8}") = "Core", "Core", "{24B183DB-200A-46D4-A0EE-C67EFDC7EC0F}"
EndProject
Project("{9A19103F-16F7-4668-BE54-9A1E7A4F7556}") = "HomeNet.Core", "..\Core\HomeNet.Core.csproj", "{8820CB28-C011-4E6C-A60C-8387D4B92F6A}"
EndProject
Project("{2150E333-8FDC-42A3-9474-1A3956D46DE8}") = "WeatherService", "WeatherService", "{03C4F83D-05DC-4749-9E29-F9BE56092DEB}"
EndProject
Project("{9A19103F-16F7-4668-BE54-9A1E7A4F7556}") = "HomeNet.Services.WeatherService.Api", "WeatherService\Api\HomeNet.Services.WeatherService.Api.csproj", "{10F54DC0-81CE-4D14-BF59-2D51A4A7976B}"
EndProject
Project("{9A19103F-16F7-4668-BE54-9A1E7A4F7556}") = "HomeNet.Services.WeatherService.Data", "WeatherService\Data\HomeNet.Services.WeatherService.Data.csproj", "{310920BE-2F79-4DA9-8E76-ABDB60CDA162}"
EndProject
Project("{9A19103F-16F7-4668-BE54-9A1E7A4F7556}") = "HomeNet.Services.WeatherService.Services", "WeatherService\Services\HomeNet.Services.WeatherService.Services.csproj", "{6916969C-2343-4661-AE73-82D07E87240F}"
EndProject
Project("{9A19103F-16F7-4668-BE54-9A1E7A4F7556}") = "HomeNet.Services.WeatherService.Tests", "WeatherService\Tests\HomeNet.Services.WeatherService.Tests.csproj", "{21F10985-F573-4D45-B09D-7048319C68B6}"
EndProject
Project("{2150E333-8FDC-42A3-9474-1A3956D46DE8}") = "Shared", "Shared", "{05ACC9F9-4971-4F63-9ED1-5084B843143B}"
EndProject
Project("{9A19103F-16F7-4668-BE54-9A1E7A4F7556}") = "HomeNet.Services.Shared.Services", "Shared\Services\HomeNet.Services.Shared.Services.csproj", "{AF8F2DA6-707A-4694-95E0-71A4D0B096F6}"
EndProject
Project("{2150E333-8FDC-42A3-9474-1A3956D46DE8}") = "ApiGateway", "ApiGateway", "{B90DB4E3-BD91-4AD9-88DD-B20B1A9B69E0}"
EndProject
Project("{9A19103F-16F7-4668-BE54-9A1E7A4F7556}") = "HomeNet.ApiGateway", "..\ApiGateway\HomeNet.ApiGateway.csproj", "{0FB2D50D-8315-493F-9379-CDD871C86BEC}"
EndProject
Global
	GlobalSection(SolutionConfigurationPlatforms) = preSolution
		Debug|Any CPU = Debug|Any CPU
		Release|Any CPU = Release|Any CPU
	EndGlobalSection
	GlobalSection(ProjectConfigurationPlatforms) = postSolution
		{F6130A10-3ABA-4B77-916D-88ADB9BD33B3}.Debug|Any CPU.ActiveCfg = Debug|Any CPU
		{F6130A10-3ABA-4B77-916D-88ADB9BD33B3}.Debug|Any CPU.Build.0 = Debug|Any CPU
		{F6130A10-3ABA-4B77-916D-88ADB9BD33B3}.Release|Any CPU.ActiveCfg = Release|Any CPU
		{F6130A10-3ABA-4B77-916D-88ADB9BD33B3}.Release|Any CPU.Build.0 = Release|Any CPU
		{A86E8EC6-5374-4752-892D-59E5112BB3D3}.Debug|Any CPU.ActiveCfg = Debug|Any CPU
		{A86E8EC6-5374-4752-892D-59E5112BB3D3}.Debug|Any CPU.Build.0 = Debug|Any CPU
		{A86E8EC6-5374-4752-892D-59E5112BB3D3}.Release|Any CPU.ActiveCfg = Release|Any CPU
		{A86E8EC6-5374-4752-892D-59E5112BB3D3}.Release|Any CPU.Build.0 = Release|Any CPU
		{4BB9F606-BE63-4FC2-88B1-A6FF3F2DBB1A}.Debug|Any CPU.ActiveCfg = Debug|Any CPU
		{4BB9F606-BE63-4FC2-88B1-A6FF3F2DBB1A}.Debug|Any CPU.Build.0 = Debug|Any CPU
		{4BB9F606-BE63-4FC2-88B1-A6FF3F2DBB1A}.Release|Any CPU.ActiveCfg = Release|Any CPU
		{4BB9F606-BE63-4FC2-88B1-A6FF3F2DBB1A}.Release|Any CPU.Build.0 = Release|Any CPU
		{B732A9E4-7F5D-4F73-A5CB-5FE279A60C54}.Debug|Any CPU.ActiveCfg = Debug|Any CPU
		{B732A9E4-7F5D-4F73-A5CB-5FE279A60C54}.Debug|Any CPU.Build.0 = Debug|Any CPU
		{B732A9E4-7F5D-4F73-A5CB-5FE279A60C54}.Release|Any CPU.ActiveCfg = Release|Any CPU
		{B732A9E4-7F5D-4F73-A5CB-5FE279A60C54}.Release|Any CPU.Build.0 = Release|Any CPU
		{DDD307BC-B322-4D63-ACE4-E690C6C9FF73}.Debug|Any CPU.ActiveCfg = Debug|Any CPU
		{DDD307BC-B322-4D63-ACE4-E690C6C9FF73}.Debug|Any CPU.Build.0 = Debug|Any CPU
		{DDD307BC-B322-4D63-ACE4-E690C6C9FF73}.Release|Any CPU.ActiveCfg = Release|Any CPU
		{DDD307BC-B322-4D63-ACE4-E690C6C9FF73}.Release|Any CPU.Build.0 = Release|Any CPU
		{D8BDCF04-5E5F-42DE-9F8B-5383B3C0B150}.Debug|Any CPU.ActiveCfg = Debug|Any CPU
		{D8BDCF04-5E5F-42DE-9F8B-5383B3C0B150}.Debug|Any CPU.Build.0 = Debug|Any CPU
		{D8BDCF04-5E5F-42DE-9F8B-5383B3C0B150}.Release|Any CPU.ActiveCfg = Release|Any CPU
		{D8BDCF04-5E5F-42DE-9F8B-5383B3C0B150}.Release|Any CPU.Build.0 = Release|Any CPU
		{8A4CE80D-4D81-4C51-A9D9-80CFB99ABC93}.Debug|Any CPU.ActiveCfg = Debug|Any CPU
		{8A4CE80D-4D81-4C51-A9D9-80CFB99ABC93}.Debug|Any CPU.Build.0 = Debug|Any CPU
		{8A4CE80D-4D81-4C51-A9D9-80CFB99ABC93}.Release|Any CPU.ActiveCfg = Release|Any CPU
		{8A4CE80D-4D81-4C51-A9D9-80CFB99ABC93}.Release|Any CPU.Build.0 = Release|Any CPU
		{2B8D5442-6A7A-444B-A4AC-D2760B5F5252}.Debug|Any CPU.ActiveCfg = Debug|Any CPU
		{2B8D5442-6A7A-444B-A4AC-D2760B5F5252}.Debug|Any CPU.Build.0 = Debug|Any CPU
		{2B8D5442-6A7A-444B-A4AC-D2760B5F5252}.Release|Any CPU.ActiveCfg = Release|Any CPU
		{2B8D5442-6A7A-444B-A4AC-D2760B5F5252}.Release|Any CPU.Build.0 = Release|Any CPU
		{8820CB28-C011-4E6C-A60C-8387D4B92F6A}.Debug|Any CPU.ActiveCfg = Debug|Any CPU
		{8820CB28-C011-4E6C-A60C-8387D4B92F6A}.Debug|Any CPU.Build.0 = Debug|Any CPU
		{8820CB28-C011-4E6C-A60C-8387D4B92F6A}.Release|Any CPU.ActiveCfg = Release|Any CPU
		{8820CB28-C011-4E6C-A60C-8387D4B92F6A}.Release|Any CPU.Build.0 = Release|Any CPU
		{10F54DC0-81CE-4D14-BF59-2D51A4A7976B}.Debug|Any CPU.ActiveCfg = Debug|Any CPU
		{10F54DC0-81CE-4D14-BF59-2D51A4A7976B}.Debug|Any CPU.Build.0 = Debug|Any CPU
		{10F54DC0-81CE-4D14-BF59-2D51A4A7976B}.Release|Any CPU.ActiveCfg = Release|Any CPU
		{10F54DC0-81CE-4D14-BF59-2D51A4A7976B}.Release|Any CPU.Build.0 = Release|Any CPU
		{310920BE-2F79-4DA9-8E76-ABDB60CDA162}.Debug|Any CPU.ActiveCfg = Debug|Any CPU
		{310920BE-2F79-4DA9-8E76-ABDB60CDA162}.Debug|Any CPU.Build.0 = Debug|Any CPU
		{310920BE-2F79-4DA9-8E76-ABDB60CDA162}.Release|Any CPU.ActiveCfg = Release|Any CPU
		{310920BE-2F79-4DA9-8E76-ABDB60CDA162}.Release|Any CPU.Build.0 = Release|Any CPU
		{6916969C-2343-4661-AE73-82D07E87240F}.Debug|Any CPU.ActiveCfg = Debug|Any CPU
		{6916969C-2343-4661-AE73-82D07E87240F}.Debug|Any CPU.Build.0 = Debug|Any CPU
		{6916969C-2343-4661-AE73-82D07E87240F}.Release|Any CPU.ActiveCfg = Release|Any CPU
		{6916969C-2343-4661-AE73-82D07E87240F}.Release|Any CPU.Build.0 = Release|Any CPU
		{21F10985-F573-4D45-B09D-7048319C68B6}.Debug|Any CPU.ActiveCfg = Debug|Any CPU
		{21F10985-F573-4D45-B09D-7048319C68B6}.Debug|Any CPU.Build.0 = Debug|Any CPU
		{21F10985-F573-4D45-B09D-7048319C68B6}.Release|Any CPU.ActiveCfg = Release|Any CPU
		{21F10985-F573-4D45-B09D-7048319C68B6}.Release|Any CPU.Build.0 = Release|Any CPU
		{AF8F2DA6-707A-4694-95E0-71A4D0B096F6}.Debug|Any CPU.ActiveCfg = Debug|Any CPU
		{AF8F2DA6-707A-4694-95E0-71A4D0B096F6}.Debug|Any CPU.Build.0 = Debug|Any CPU
		{AF8F2DA6-707A-4694-95E0-71A4D0B096F6}.Release|Any CPU.ActiveCfg = Release|Any CPU
		{AF8F2DA6-707A-4694-95E0-71A4D0B096F6}.Release|Any CPU.Build.0 = Release|Any CPU
		{0FB2D50D-8315-493F-9379-CDD871C86BEC}.Debug|Any CPU.ActiveCfg = Debug|Any CPU
		{0FB2D50D-8315-493F-9379-CDD871C86BEC}.Debug|Any CPU.Build.0 = Debug|Any CPU
		{0FB2D50D-8315-493F-9379-CDD871C86BEC}.Release|Any CPU.ActiveCfg = Release|Any CPU
		{0FB2D50D-8315-493F-9379-CDD871C86BEC}.Release|Any CPU.Build.0 = Release|Any CPU
	EndGlobalSection
	GlobalSection(SolutionProperties) = preSolution
		HideSolutionNode = FALSE
	EndGlobalSection
	GlobalSection(NestedProjects) = preSolution
		{3993339C-1D48-4152-84E5-224AD9444AAD} = {94F187C4-BB83-4989-98A7-7AC79C9B108E}
		{F6130A10-3ABA-4B77-916D-88ADB9BD33B3} = {3993339C-1D48-4152-84E5-224AD9444AAD}
		{A86E8EC6-5374-4752-892D-59E5112BB3D3} = {3993339C-1D48-4152-84E5-224AD9444AAD}
		{4BB9F606-BE63-4FC2-88B1-A6FF3F2DBB1A} = {3993339C-1D48-4152-84E5-224AD9444AAD}
		{B732A9E4-7F5D-4F73-A5CB-5FE279A60C54} = {3993339C-1D48-4152-84E5-224AD9444AAD}
		{139A81EB-D20F-4235-BC80-F1893BB5B9CF} = {94F187C4-BB83-4989-98A7-7AC79C9B108E}
		{DDD307BC-B322-4D63-ACE4-E690C6C9FF73} = {139A81EB-D20F-4235-BC80-F1893BB5B9CF}
		{D8BDCF04-5E5F-42DE-9F8B-5383B3C0B150} = {139A81EB-D20F-4235-BC80-F1893BB5B9CF}
		{8A4CE80D-4D81-4C51-A9D9-80CFB99ABC93} = {139A81EB-D20F-4235-BC80-F1893BB5B9CF}
		{2B8D5442-6A7A-444B-A4AC-D2760B5F5252} = {139A81EB-D20F-4235-BC80-F1893BB5B9CF}
		{8820CB28-C011-4E6C-A60C-8387D4B92F6A} = {24B183DB-200A-46D4-A0EE-C67EFDC7EC0F}
		{03C4F83D-05DC-4749-9E29-F9BE56092DEB} = {94F187C4-BB83-4989-98A7-7AC79C9B108E}
		{10F54DC0-81CE-4D14-BF59-2D51A4A7976B} = {03C4F83D-05DC-4749-9E29-F9BE56092DEB}
		{310920BE-2F79-4DA9-8E76-ABDB60CDA162} = {03C4F83D-05DC-4749-9E29-F9BE56092DEB}
		{6916969C-2343-4661-AE73-82D07E87240F} = {03C4F83D-05DC-4749-9E29-F9BE56092DEB}
		{21F10985-F573-4D45-B09D-7048319C68B6} = {03C4F83D-05DC-4749-9E29-F9BE56092DEB}
		{05ACC9F9-4971-4F63-9ED1-5084B843143B} = {94F187C4-BB83-4989-98A7-7AC79C9B108E}
		{AF8F2DA6-707A-4694-95E0-71A4D0B096F6} = {05ACC9F9-4971-4F63-9ED1-5084B843143B}
		{0FB2D50D-8315-493F-9379-CDD871C86BEC} = {B90DB4E3-BD91-4AD9-88DD-B20B1A9B69E0}
	EndGlobalSection
	GlobalSection(ExtensibilityGlobals) = postSolution
		SolutionGuid = {03B56806-6920-4532-AC32-3F8B571076FB}
	EndGlobalSection
EndGlobal
